// !$*UTF8*$!
{
	archiveVersion = 1;
	classes = {
	};
	objectVersion = 77;
	objects = {

/* Begin PBXBuildFile section */
		CBAAE4682EC150B30047F21B /* DreamWeaverIphoneAI Watch App.app in Embed Watch Content */ = {isa = PBXBuildFile; fileRef = CBAAE4672EC150B30047F21B /* DreamWeaverIphoneAI Watch App.app */; settings = {ATTRIBUTES = (RemoveHeadersOnCopy, ); }; };
/* End PBXBuildFile section */

/* Begin PBXContainerItemProxy section */
		CB7600402EC09ADF00A3460C /* PBXContainerItemProxy */ = {
			isa = PBXContainerItemProxy;
			containerPortal = CB7600282EC09ADD00A3460C /* Project object */;
			proxyType = 1;
			remoteGlobalIDString = CB76002F2EC09ADD00A3460C;
			remoteInfo = "Dream Vewawer";
		};
		CB76004A2EC09ADF00A3460C /* PBXContainerItemProxy */ = {
			isa = PBXContainerItemProxy;
			containerPortal = CB7600282EC09ADD00A3460C /* Project object */;
			proxyType = 1;
			remoteGlobalIDString = CB76002F2EC09ADD00A3460C;
			remoteInfo = "Dream Vewawer";
		};
		CBAAE4692EC150B30047F21B /* PBXContainerItemProxy */ = {
			isa = PBXContainerItemProxy;
			containerPortal = CB7600282EC09ADD00A3460C /* Project object */;
			proxyType = 1;
			remoteGlobalIDString = CBAAE4662EC150B30047F21B;
			remoteInfo = "DreamWeaverIphoneAI Watch App";
		};
		CBAAE4772EC150B50047F21B /* PBXContainerItemProxy */ = {
			isa = PBXContainerItemProxy;
			containerPortal = CB7600282EC09ADD00A3460C /* Project object */;
			proxyType = 1;
			remoteGlobalIDString = CBAAE4662EC150B30047F21B;
			remoteInfo = "DreamWeaverIphoneAI Watch App";
		};
		CBAAE4812EC150B50047F21B /* PBXContainerItemProxy */ = {
			isa = PBXContainerItemProxy;
			containerPortal = CB7600282EC09ADD00A3460C /* Project object */;
			proxyType = 1;
			remoteGlobalIDString = CBAAE4662EC150B30047F21B;
			remoteInfo = "DreamWeaverIphoneAI Watch App";
		};
/* End PBXContainerItemProxy section */

/* Begin PBXCopyFilesBuildPhase section */
		CBAAE48A2EC150B50047F21B /* Embed Watch Content */ = {
			isa = PBXCopyFilesBuildPhase;
			buildActionMask = 2147483647;
			dstPath = "$(CONTENTS_FOLDER_PATH)/Watch";
			dstSubfolderSpec = 16;
			files = (
				CBAAE4682EC150B30047F21B /* DreamWeaverIphoneAI Watch App.app in Embed Watch Content */,
			);
			name = "Embed Watch Content";
			runOnlyForDeploymentPostprocessing = 0;
		};
/* End PBXCopyFilesBuildPhase section */

/* Begin PBXFileReference section */
		CB0FCA662EC126CD0006368D /* DreamVeawerWatch.appex */ = {isa = PBXFileReference; explicitFileType = "wrapper.extensionkit-extension"; includeInIndex = 0; path = DreamVeawerWatch.appex; sourceTree = BUILT_PRODUCTS_DIR; };
		CB5BE0CB2EC0AC94008F0645 /* DreamWeaverWatch.appex */ = {isa = PBXFileReference; explicitFileType = "wrapper.extensionkit-extension"; includeInIndex = 0; path = DreamWeaverWatch.appex; sourceTree = BUILT_PRODUCTS_DIR; };
		CB7600302EC09ADD00A3460C /* Dream Vewawer.app */ = {isa = PBXFileReference; explicitFileType = wrapper.application; includeInIndex = 0; path = "Dream Vewawer.app"; sourceTree = BUILT_PRODUCTS_DIR; };
		CB76003F2EC09ADF00A3460C /* Dream VewawerTests.xctest */ = {isa = PBXFileReference; explicitFileType = wrapper.cfbundle; includeInIndex = 0; path = "Dream VewawerTests.xctest"; sourceTree = BUILT_PRODUCTS_DIR; };
		CB7600492EC09ADF00A3460C /* Dream VewawerUITests.xctest */ = {isa = PBXFileReference; explicitFileType = wrapper.cfbundle; includeInIndex = 0; path = "Dream VewawerUITests.xctest"; sourceTree = BUILT_PRODUCTS_DIR; };
		CBAAE4622EC150B30047F21B /* DreamWeaverIphoneAI.app */ = {isa = PBXFileReference; explicitFileType = wrapper.application; includeInIndex = 0; path = DreamWeaverIphoneAI.app; sourceTree = BUILT_PRODUCTS_DIR; };
		CBAAE4672EC150B30047F21B /* DreamWeaverIphoneAI Watch App.app */ = {isa = PBXFileReference; explicitFileType = wrapper.application; includeInIndex = 0; path = "DreamWeaverIphoneAI Watch App.app"; sourceTree = BUILT_PRODUCTS_DIR; };
		CBAAE4762EC150B50047F21B /* DreamWeaverIphoneAI Watch AppTests.xctest */ = {isa = PBXFileReference; explicitFileType = wrapper.cfbundle; includeInIndex = 0; path = "DreamWeaverIphoneAI Watch AppTests.xctest"; sourceTree = BUILT_PRODUCTS_DIR; };
		CBAAE4802EC150B50047F21B /* DreamWeaverIphoneAI Watch AppUITests.xctest */ = {isa = PBXFileReference; explicitFileType = wrapper.cfbundle; includeInIndex = 0; path = "DreamWeaverIphoneAI Watch AppUITests.xctest"; sourceTree = BUILT_PRODUCTS_DIR; };
/* End PBXFileReference section */

/* Begin PBXFileSystemSynchronizedBuildFileExceptionSet section */
		CB0FCA6F2EC126CD0006368D /* Exceptions for "DreamVeawerWatch" folder in "DreamVeawerWatch" target */ = {
			isa = PBXFileSystemSynchronizedBuildFileExceptionSet;
			membershipExceptions = (
				Info.plist,
			);
			target = CB0FCA652EC126CD0006368D /* DreamVeawerWatch */;
		};
		CB5BE0D22EC0AC94008F0645 /* Exceptions for "DreamWeaver Watch App" folder in "DreamWeaverWatch" target */ = {
			isa = PBXFileSystemSynchronizedBuildFileExceptionSet;
			membershipExceptions = (
				Info.plist,
			);
			target = CB5BE0CA2EC0AC94008F0645 /* DreamWeaverWatch */;
		};
/* End PBXFileSystemSynchronizedBuildFileExceptionSet section */

/* Begin PBXFileSystemSynchronizedRootGroup section */
		CB0FCA672EC126CD0006368D /* DreamVeawerWatch */ = {
			isa = PBXFileSystemSynchronizedRootGroup;
			exceptions = (
				CB0FCA6F2EC126CD0006368D /* Exceptions for "DreamVeawerWatch" folder in "DreamVeawerWatch" target */,
			);
			path = DreamVeawerWatch;
			sourceTree = "<group>";
		};
		CB5BE0CC2EC0AC94008F0645 /* DreamWeaver Watch App */ = {
			isa = PBXFileSystemSynchronizedRootGroup;
			exceptions = (
				CB5BE0D22EC0AC94008F0645 /* Exceptions for "DreamWeaver Watch App" folder in "DreamWeaverWatch" target */,
			);
			path = "DreamWeaver Watch App";
			sourceTree = "<group>";
		};
		CB7600322EC09ADD00A3460C /* Dream Vewawer */ = {
			isa = PBXFileSystemSynchronizedRootGroup;
			path = "Dream Vewawer";
			sourceTree = "<group>";
		};
		CB7600422EC09ADF00A3460C /* Dream VewawerTests */ = {
			isa = PBXFileSystemSynchronizedRootGroup;
			path = "Dream VewawerTests";
			sourceTree = "<group>";
		};
		CB76004C2EC09ADF00A3460C /* Dream VewawerUITests */ = {
			isa = PBXFileSystemSynchronizedRootGroup;
			path = "Dream VewawerUITests";
			sourceTree = "<group>";
		};
		CBAAE46B2EC150B30047F21B /* DreamWeaverIphoneAI Watch App */ = {
			isa = PBXFileSystemSynchronizedRootGroup;
			path = "DreamWeaverIphoneAI Watch App";
			sourceTree = "<group>";
		};
		CBAAE4792EC150B50047F21B /* DreamWeaverIphoneAI Watch AppTests */ = {
			isa = PBXFileSystemSynchronizedRootGroup;
			path = "DreamWeaverIphoneAI Watch AppTests";
			sourceTree = "<group>";
		};
		CBAAE4832EC150B50047F21B /* DreamWeaverIphoneAI Watch AppUITests */ = {
			isa = PBXFileSystemSynchronizedRootGroup;
			path = "DreamWeaverIphoneAI Watch AppUITests";
			sourceTree = "<group>";
		};
/* End PBXFileSystemSynchronizedRootGroup section */

/* Begin PBXFrameworksBuildPhase section */
		CB0FCA632EC126CD0006368D /* Frameworks */ = {
			isa = PBXFrameworksBuildPhase;
			buildActionMask = 2147483647;
			files = (
			);
			runOnlyForDeploymentPostprocessing = 0;
		};
		CB5BE0C82EC0AC94008F0645 /* Frameworks */ = {
			isa = PBXFrameworksBuildPhase;
			buildActionMask = 2147483647;
			files = (
			);
			runOnlyForDeploymentPostprocessing = 0;
		};
		CB76002D2EC09ADD00A3460C /* Frameworks */ = {
			isa = PBXFrameworksBuildPhase;
			buildActionMask = 2147483647;
			files = (
			);
			runOnlyForDeploymentPostprocessing = 0;
		};
		CB76003C2EC09ADF00A3460C /* Frameworks */ = {
			isa = PBXFrameworksBuildPhase;
			buildActionMask = 2147483647;
			files = (
			);
			runOnlyForDeploymentPostprocessing = 0;
		};
		CB7600462EC09ADF00A3460C /* Frameworks */ = {
			isa = PBXFrameworksBuildPhase;
			buildActionMask = 2147483647;
			files = (
			);
			runOnlyForDeploymentPostprocessing = 0;
		};
		CBAAE4642EC150B30047F21B /* Frameworks */ = {
			isa = PBXFrameworksBuildPhase;
			buildActionMask = 2147483647;
			files = (
			);
			runOnlyForDeploymentPostprocessing = 0;
		};
		CBAAE4732EC150B50047F21B /* Frameworks */ = {
			isa = PBXFrameworksBuildPhase;
			buildActionMask = 2147483647;
			files = (
			);
			runOnlyForDeploymentPostprocessing = 0;
		};
		CBAAE47D2EC150B50047F21B /* Frameworks */ = {
			isa = PBXFrameworksBuildPhase;
			buildActionMask = 2147483647;
			files = (
			);
			runOnlyForDeploymentPostprocessing = 0;
		};
/* End PBXFrameworksBuildPhase section */

/* Begin PBXGroup section */
		CB7600272EC09ADD00A3460C = {
			isa = PBXGroup;
			children = (
				CB7600322EC09ADD00A3460C /* Dream Vewawer */,
				CB7600422EC09ADF00A3460C /* Dream VewawerTests */,
				CB76004C2EC09ADF00A3460C /* Dream VewawerUITests */,
				CB5BE0CC2EC0AC94008F0645 /* DreamWeaver Watch App */,
				CB0FCA672EC126CD0006368D /* DreamVeawerWatch */,
				CBAAE46B2EC150B30047F21B /* DreamWeaverIphoneAI Watch App */,
				CBAAE4792EC150B50047F21B /* DreamWeaverIphoneAI Watch AppTests */,
				CBAAE4832EC150B50047F21B /* DreamWeaverIphoneAI Watch AppUITests */,
				CB7600312EC09ADD00A3460C /* Products */,
			);
			sourceTree = "<group>";
		};
		CB7600312EC09ADD00A3460C /* Products */ = {
			isa = PBXGroup;
			children = (
				CB7600302EC09ADD00A3460C /* Dream Vewawer.app */,
				CB76003F2EC09ADF00A3460C /* Dream VewawerTests.xctest */,
				CB7600492EC09ADF00A3460C /* Dream VewawerUITests.xctest */,
				CB5BE0CB2EC0AC94008F0645 /* DreamWeaverWatch.appex */,
				CB0FCA662EC126CD0006368D /* DreamVeawerWatch.appex */,
				CBAAE4622EC150B30047F21B /* DreamWeaverIphoneAI.app */,
				CBAAE4672EC150B30047F21B /* DreamWeaverIphoneAI Watch App.app */,
				CBAAE4762EC150B50047F21B /* DreamWeaverIphoneAI Watch AppTests.xctest */,
				CBAAE4802EC150B50047F21B /* DreamWeaverIphoneAI Watch AppUITests.xctest */,
			);
			name = Products;
			sourceTree = "<group>";
		};
/* End PBXGroup section */

/* Begin PBXNativeTarget section */
		CB0FCA652EC126CD0006368D /* DreamVeawerWatch */ = {
			isa = PBXNativeTarget;
			buildConfigurationList = CB0FCA702EC126CD0006368D /* Build configuration list for PBXNativeTarget "DreamVeawerWatch" */;
			buildPhases = (
				CB0FCA622EC126CD0006368D /* Sources */,
				CB0FCA632EC126CD0006368D /* Frameworks */,
				CB0FCA642EC126CD0006368D /* Resources */,
			);
			buildRules = (
			);
			dependencies = (
			);
			fileSystemSynchronizedGroups = (
				CB0FCA672EC126CD0006368D /* DreamVeawerWatch */,
			);
			name = DreamVeawerWatch;
			packageProductDependencies = (
			);
			productName = DreamVeawerWatch;
			productReference = CB0FCA662EC126CD0006368D /* DreamVeawerWatch.appex */;
			productType = "com.apple.product-type.extensionkit-extension";
		};
		CB5BE0CA2EC0AC94008F0645 /* DreamWeaverWatch */ = {
			isa = PBXNativeTarget;
			buildConfigurationList = CB5BE0D32EC0AC94008F0645 /* Build configuration list for PBXNativeTarget "DreamWeaverWatch" */;
			buildPhases = (
				CB5BE0C72EC0AC94008F0645 /* Sources */,
				CB5BE0C82EC0AC94008F0645 /* Frameworks */,
				CB5BE0C92EC0AC94008F0645 /* Resources */,
			);
			buildRules = (
			);
			dependencies = (
			);
			fileSystemSynchronizedGroups = (
				CB5BE0CC2EC0AC94008F0645 /* DreamWeaver Watch App */,
			);
			name = DreamWeaverWatch;
			packageProductDependencies = (
			);
			productName = DreamWeaverWatch;
			productReference = CB5BE0CB2EC0AC94008F0645 /* DreamWeaverWatch.appex */;
			productType = "com.apple.product-type.app-extension";
		};
		CB76002F2EC09ADD00A3460C /* Dream Vewawer */ = {
			isa = PBXNativeTarget;
			buildConfigurationList = CB7600532EC09ADF00A3460C /* Build configuration list for PBXNativeTarget "Dream Vewawer" */;
			buildPhases = (
				CB76002C2EC09ADD00A3460C /* Sources */,
				CB76002D2EC09ADD00A3460C /* Frameworks */,
				CB76002E2EC09ADD00A3460C /* Resources */,
			);
			buildRules = (
			);
			dependencies = (
			);
			fileSystemSynchronizedGroups = (
				CB7600322EC09ADD00A3460C /* Dream Vewawer */,
			);
			name = "Dream Vewawer";
			packageProductDependencies = (
			);
			productName = "Dream Vewawer";
			productReference = CB7600302EC09ADD00A3460C /* Dream Vewawer.app */;
			productType = "com.apple.product-type.application";
		};
		CB76003E2EC09ADF00A3460C /* Dream VewawerTests */ = {
			isa = PBXNativeTarget;
			buildConfigurationList = CB7600562EC09ADF00A3460C /* Build configuration list for PBXNativeTarget "Dream VewawerTests" */;
			buildPhases = (
				CB76003B2EC09ADF00A3460C /* Sources */,
				CB76003C2EC09ADF00A3460C /* Frameworks */,
				CB76003D2EC09ADF00A3460C /* Resources */,
			);
			buildRules = (
			);
			dependencies = (
				CB7600412EC09ADF00A3460C /* PBXTargetDependency */,
			);
			fileSystemSynchronizedGroups = (
				CB7600422EC09ADF00A3460C /* Dream VewawerTests */,
			);
			name = "Dream VewawerTests";
			packageProductDependencies = (
			);
			productName = "Dream VewawerTests";
			productReference = CB76003F2EC09ADF00A3460C /* Dream VewawerTests.xctest */;
			productType = "com.apple.product-type.bundle.unit-test";
		};
		CB7600482EC09ADF00A3460C /* Dream VewawerUITests */ = {
			isa = PBXNativeTarget;
			buildConfigurationList = CB7600592EC09ADF00A3460C /* Build configuration list for PBXNativeTarget "Dream VewawerUITests" */;
			buildPhases = (
				CB7600452EC09ADF00A3460C /* Sources */,
				CB7600462EC09ADF00A3460C /* Frameworks */,
				CB7600472EC09ADF00A3460C /* Resources */,
			);
			buildRules = (
			);
			dependencies = (
				CB76004B2EC09ADF00A3460C /* PBXTargetDependency */,
			);
			fileSystemSynchronizedGroups = (
				CB76004C2EC09ADF00A3460C /* Dream VewawerUITests */,
			);
			name = "Dream VewawerUITests";
			packageProductDependencies = (
			);
			productName = "Dream VewawerUITests";
			productReference = CB7600492EC09ADF00A3460C /* Dream VewawerUITests.xctest */;
			productType = "com.apple.product-type.bundle.ui-testing";
		};
		CBAAE4612EC150B30047F21B /* DreamWeaverIphoneAI */ = {
			isa = PBXNativeTarget;
			buildConfigurationList = CBAAE4922EC150B50047F21B /* Build configuration list for PBXNativeTarget "DreamWeaverIphoneAI" */;
			buildPhases = (
				CBAAE4602EC150B30047F21B /* Resources */,
				CBAAE48A2EC150B50047F21B /* Embed Watch Content */,
			);
			buildRules = (
			);
			dependencies = (
				CBAAE46A2EC150B30047F21B /* PBXTargetDependency */,
			);
			name = DreamWeaverIphoneAI;
			packageProductDependencies = (
			);
			productName = DreamWeaverIphoneAI;
			productReference = CBAAE4622EC150B30047F21B /* DreamWeaverIphoneAI.app */;
			productType = "com.apple.product-type.application.watchapp2-container";
		};
		CBAAE4662EC150B30047F21B /* DreamWeaverIphoneAI Watch App */ = {
			isa = PBXNativeTarget;
			buildConfigurationList = CBAAE4912EC150B50047F21B /* Build configuration list for PBXNativeTarget "DreamWeaverIphoneAI Watch App" */;
			buildPhases = (
				CBAAE4632EC150B30047F21B /* Sources */,
				CBAAE4642EC150B30047F21B /* Frameworks */,
				CBAAE4652EC150B30047F21B /* Resources */,
			);
			buildRules = (
			);
			dependencies = (
			);
			fileSystemSynchronizedGroups = (
				CBAAE46B2EC150B30047F21B /* DreamWeaverIphoneAI Watch App */,
			);
			name = "DreamWeaverIphoneAI Watch App";
			packageProductDependencies = (
			);
			productName = "DreamWeaverIphoneAI Watch App";
			productReference = CBAAE4672EC150B30047F21B /* DreamWeaverIphoneAI Watch App.app */;
			productType = "com.apple.product-type.application";
		};
		CBAAE4752EC150B50047F21B /* DreamWeaverIphoneAI Watch AppTests */ = {
			isa = PBXNativeTarget;
			buildConfigurationList = CBAAE4932EC150B50047F21B /* Build configuration list for PBXNativeTarget "DreamWeaverIphoneAI Watch AppTests" */;
			buildPhases = (
				CBAAE4722EC150B50047F21B /* Sources */,
				CBAAE4732EC150B50047F21B /* Frameworks */,
				CBAAE4742EC150B50047F21B /* Resources */,
			);
			buildRules = (
			);
			dependencies = (
				CBAAE4782EC150B50047F21B /* PBXTargetDependency */,
			);
			fileSystemSynchronizedGroups = (
				CBAAE4792EC150B50047F21B /* DreamWeaverIphoneAI Watch AppTests */,
			);
			name = "DreamWeaverIphoneAI Watch AppTests";
			packageProductDependencies = (
			);
			productName = "DreamWeaverIphoneAI Watch AppTests";
			productReference = CBAAE4762EC150B50047F21B /* DreamWeaverIphoneAI Watch AppTests.xctest */;
			productType = "com.apple.product-type.bundle.unit-test";
		};
		CBAAE47F2EC150B50047F21B /* DreamWeaverIphoneAI Watch AppUITests */ = {
			isa = PBXNativeTarget;
			buildConfigurationList = CBAAE4942EC150B50047F21B /* Build configuration list for PBXNativeTarget "DreamWeaverIphoneAI Watch AppUITests" */;
			buildPhases = (
				CBAAE47C2EC150B50047F21B /* Sources */,
				CBAAE47D2EC150B50047F21B /* Frameworks */,
				CBAAE47E2EC150B50047F21B /* Resources */,
			);
			buildRules = (
			);
			dependencies = (
				CBAAE4822EC150B50047F21B /* PBXTargetDependency */,
			);
			fileSystemSynchronizedGroups = (
				CBAAE4832EC150B50047F21B /* DreamWeaverIphoneAI Watch AppUITests */,
			);
			name = "DreamWeaverIphoneAI Watch AppUITests";
			packageProductDependencies = (
			);
			productName = "DreamWeaverIphoneAI Watch AppUITests";
			productReference = CBAAE4802EC150B50047F21B /* DreamWeaverIphoneAI Watch AppUITests.xctest */;
			productType = "com.apple.product-type.bundle.ui-testing";
		};
/* End PBXNativeTarget section */

/* Begin PBXProject section */
		CB7600282EC09ADD00A3460C /* Project object */ = {
			isa = PBXProject;
			attributes = {
				BuildIndependentTargetsInParallel = 1;
				LastSwiftUpdateCheck = 1640;
				LastUpgradeCheck = 2610;
				TargetAttributes = {
					CB0FCA652EC126CD0006368D = {
						CreatedOnToolsVersion = 16.4;
					};
					CB5BE0CA2EC0AC94008F0645 = {
						CreatedOnToolsVersion = 26.1;
					};
					CB76002F2EC09ADD00A3460C = {
						CreatedOnToolsVersion = 26.1;
					};
					CB76003E2EC09ADF00A3460C = {
						CreatedOnToolsVersion = 26.1;
						TestTargetID = CB76002F2EC09ADD00A3460C;
					};
					CB7600482EC09ADF00A3460C = {
						CreatedOnToolsVersion = 26.1;
						TestTargetID = CB76002F2EC09ADD00A3460C;
					};
					CBAAE4612EC150B30047F21B = {
						CreatedOnToolsVersion = 16.4;
					};
					CBAAE4662EC150B30047F21B = {
						CreatedOnToolsVersion = 16.4;
					};
					CBAAE4752EC150B50047F21B = {
						CreatedOnToolsVersion = 16.4;
						TestTargetID = CBAAE4662EC150B30047F21B;
					};
					CBAAE47F2EC150B50047F21B = {
						CreatedOnToolsVersion = 16.4;
						TestTargetID = CBAAE4662EC150B30047F21B;
					};
				};
			};
			buildConfigurationList = CB76002B2EC09ADD00A3460C /* Build configuration list for PBXProject "Dream Vewawer" */;
			developmentRegion = en;
			hasScannedForEncodings = 0;
			knownRegions = (
				en,
				Base,
			);
			mainGroup = CB7600272EC09ADD00A3460C;
			minimizedProjectReferenceProxies = 1;
			preferredProjectObjectVersion = 77;
			productRefGroup = CB7600312EC09ADD00A3460C /* Products */;
			projectDirPath = "";
			projectRoot = "";
			targets = (
				CB76002F2EC09ADD00A3460C /* Dream Vewawer */,
				CB76003E2EC09ADF00A3460C /* Dream VewawerTests */,
				CB7600482EC09ADF00A3460C /* Dream VewawerUITests */,
				CB5BE0CA2EC0AC94008F0645 /* DreamWeaverWatch */,
				CB0FCA652EC126CD0006368D /* DreamVeawerWatch */,
				CBAAE4612EC150B30047F21B /* DreamWeaverIphoneAI */,
				CBAAE4662EC150B30047F21B /* DreamWeaverIphoneAI Watch App */,
				CBAAE4752EC150B50047F21B /* DreamWeaverIphoneAI Watch AppTests */,
				CBAAE47F2EC150B50047F21B /* DreamWeaverIphoneAI Watch AppUITests */,
			);
		};
/* End PBXProject section */

/* Begin PBXResourcesBuildPhase section */
		CB0FCA642EC126CD0006368D /* Resources */ = {
			isa = PBXResourcesBuildPhase;
			buildActionMask = 2147483647;
			files = (
			);
			runOnlyForDeploymentPostprocessing = 0;
		};
		CB5BE0C92EC0AC94008F0645 /* Resources */ = {
			isa = PBXResourcesBuildPhase;
			buildActionMask = 2147483647;
			files = (
			);
			runOnlyForDeploymentPostprocessing = 0;
		};
		CB76002E2EC09ADD00A3460C /* Resources */ = {
			isa = PBXResourcesBuildPhase;
			buildActionMask = 2147483647;
			files = (
			);
			runOnlyForDeploymentPostprocessing = 0;
		};
		CB76003D2EC09ADF00A3460C /* Resources */ = {
			isa = PBXResourcesBuildPhase;
			buildActionMask = 2147483647;
			files = (
			);
			runOnlyForDeploymentPostprocessing = 0;
		};
		CB7600472EC09ADF00A3460C /* Resources */ = {
			isa = PBXResourcesBuildPhase;
			buildActionMask = 2147483647;
			files = (
			);
			runOnlyForDeploymentPostprocessing = 0;
		};
		CBAAE4602EC150B30047F21B /* Resources */ = {
			isa = PBXResourcesBuildPhase;
			buildActionMask = 2147483647;
			files = (
			);
			runOnlyForDeploymentPostprocessing = 0;
		};
		CBAAE4652EC150B30047F21B /* Resources */ = {
			isa = PBXResourcesBuildPhase;
			buildActionMask = 2147483647;
			files = (
			);
			runOnlyForDeploymentPostprocessing = 0;
		};
		CBAAE4742EC150B50047F21B /* Resources */ = {
			isa = PBXResourcesBuildPhase;
			buildActionMask = 2147483647;
			files = (
			);
			runOnlyForDeploymentPostprocessing = 0;
		};
		CBAAE47E2EC150B50047F21B /* Resources */ = {
			isa = PBXResourcesBuildPhase;
			buildActionMask = 2147483647;
			files = (
			);
			runOnlyForDeploymentPostprocessing = 0;
		};
/* End PBXResourcesBuildPhase section */

/* Begin PBXSourcesBuildPhase section */
		CB0FCA622EC126CD0006368D /* Sources */ = {
			isa = PBXSourcesBuildPhase;
			buildActionMask = 2147483647;
			files = (
			);
			runOnlyForDeploymentPostprocessing = 0;
		};
		CB5BE0C72EC0AC94008F0645 /* Sources */ = {
			isa = PBXSourcesBuildPhase;
			buildActionMask = 2147483647;
			files = (
			);
			runOnlyForDeploymentPostprocessing = 0;
		};
		CB76002C2EC09ADD00A3460C /* Sources */ = {
			isa = PBXSourcesBuildPhase;
			buildActionMask = 2147483647;
			files = (
			);
			runOnlyForDeploymentPostprocessing = 0;
		};
		CB76003B2EC09ADF00A3460C /* Sources */ = {
			isa = PBXSourcesBuildPhase;
			buildActionMask = 2147483647;
			files = (
			);
			runOnlyForDeploymentPostprocessing = 0;
		};
		CB7600452EC09ADF00A3460C /* Sources */ = {
			isa = PBXSourcesBuildPhase;
			buildActionMask = 2147483647;
			files = (
			);
			runOnlyForDeploymentPostprocessing = 0;
		};
		CBAAE4632EC150B30047F21B /* Sources */ = {
			isa = PBXSourcesBuildPhase;
			buildActionMask = 2147483647;
			files = (
			);
			runOnlyForDeploymentPostprocessing = 0;
		};
		CBAAE4722EC150B50047F21B /* Sources */ = {
			isa = PBXSourcesBuildPhase;
			buildActionMask = 2147483647;
			files = (
			);
			runOnlyForDeploymentPostprocessing = 0;
		};
		CBAAE47C2EC150B50047F21B /* Sources */ = {
			isa = PBXSourcesBuildPhase;
			buildActionMask = 2147483647;
			files = (
			);
			runOnlyForDeploymentPostprocessing = 0;
		};
/* End PBXSourcesBuildPhase section */

/* Begin PBXTargetDependency section */
		CB7600412EC09ADF00A3460C /* PBXTargetDependency */ = {
			isa = PBXTargetDependency;
			target = CB76002F2EC09ADD00A3460C /* Dream Vewawer */;
			targetProxy = CB7600402EC09ADF00A3460C /* PBXContainerItemProxy */;
		};
		CB76004B2EC09ADF00A3460C /* PBXTargetDependency */ = {
			isa = PBXTargetDependency;
			target = CB76002F2EC09ADD00A3460C /* Dream Vewawer */;
			targetProxy = CB76004A2EC09ADF00A3460C /* PBXContainerItemProxy */;
		};
		CBAAE46A2EC150B30047F21B /* PBXTargetDependency */ = {
			isa = PBXTargetDependency;
			target = CBAAE4662EC150B30047F21B /* DreamWeaverIphoneAI Watch App */;
			targetProxy = CBAAE4692EC150B30047F21B /* PBXContainerItemProxy */;
		};
		CBAAE4782EC150B50047F21B /* PBXTargetDependency */ = {
			isa = PBXTargetDependency;
			target = CBAAE4662EC150B30047F21B /* DreamWeaverIphoneAI Watch App */;
			targetProxy = CBAAE4772EC150B50047F21B /* PBXContainerItemProxy */;
		};
		CBAAE4822EC150B50047F21B /* PBXTargetDependency */ = {
			isa = PBXTargetDependency;
			target = CBAAE4662EC150B30047F21B /* DreamWeaverIphoneAI Watch App */;
			targetProxy = CBAAE4812EC150B50047F21B /* PBXContainerItemProxy */;
		};
/* End PBXTargetDependency section */

/* Begin XCBuildConfiguration section */
		CB0FCA6D2EC126CD0006368D /* Debug */ = {
			isa = XCBuildConfiguration;
			buildSettings = {
				CODE_SIGN_STYLE = Automatic;
				CURRENT_PROJECT_VERSION = 1;
				DEVELOPMENT_TEAM = 28TCC8Y78C;
				GENERATE_INFOPLIST_FILE = YES;
				INFOPLIST_FILE = DreamVeawerWatch/Info.plist;
				INFOPLIST_KEY_CFBundleDisplayName = DreamVeawerWatch;
				INFOPLIST_KEY_NSHumanReadableCopyright = "";
				LD_RUNPATH_SEARCH_PATHS = (
					"$(inherited)",
					"@executable_path/Frameworks",
					"@executable_path/../../Frameworks",
					"@executable_path/../../../../Frameworks",
				);
				MARKETING_VERSION = 1.0;
				PRODUCT_BUNDLE_IDENTIFIER = GJSA.DreamVeawerWatch;
				PRODUCT_NAME = "$(TARGET_NAME)";
				SDKROOT = watchos;
				SKIP_INSTALL = YES;
				SWIFT_EMIT_LOC_STRINGS = YES;
				SWIFT_VERSION = 5.0;
				TARGETED_DEVICE_FAMILY = 4;
				WATCHOS_DEPLOYMENT_TARGET = 11.5;
			};
			name = Debug;
		};
		CB0FCA6E2EC126CD0006368D /* Release */ = {
			isa = XCBuildConfiguration;
			buildSettings = {
				CODE_SIGN_STYLE = Automatic;
				CURRENT_PROJECT_VERSION = 1;
				DEVELOPMENT_TEAM = 28TCC8Y78C;
				GENERATE_INFOPLIST_FILE = YES;
				INFOPLIST_FILE = DreamVeawerWatch/Info.plist;
				INFOPLIST_KEY_CFBundleDisplayName = DreamVeawerWatch;
				INFOPLIST_KEY_NSHumanReadableCopyright = "";
				LD_RUNPATH_SEARCH_PATHS = (
					"$(inherited)",
					"@executable_path/Frameworks",
					"@executable_path/../../Frameworks",
					"@executable_path/../../../../Frameworks",
				);
				MARKETING_VERSION = 1.0;
				PRODUCT_BUNDLE_IDENTIFIER = GJSA.DreamVeawerWatch;
				PRODUCT_NAME = "$(TARGET_NAME)";
				SDKROOT = watchos;
				SKIP_INSTALL = YES;
				SWIFT_EMIT_LOC_STRINGS = YES;
				SWIFT_VERSION = 5.0;
				TARGETED_DEVICE_FAMILY = 4;
				VALIDATE_PRODUCT = YES;
				WATCHOS_DEPLOYMENT_TARGET = 11.5;
			};
			name = Release;
		};
		CB5BE0D42EC0AC94008F0645 /* Debug */ = {
			isa = XCBuildConfiguration;
			buildSettings = {
				ASSETCATALOG_COMPILER_APPICON_NAME = AppIcon;
				CODE_SIGN_STYLE = Automatic;
				CURRENT_PROJECT_VERSION = 1;
				DEPLOYMENT_POSTPROCESSING = NO;
				DEVELOPMENT_TEAM = 28TCC8Y78C;
				EXCLUDED_ARCHS = x86_64;
				GENERATE_INFOPLIST_FILE = YES;
				INFOPLIST_FILE = "DreamWeaver Watch App/Info.plist";
				INFOPLIST_KEY_CFBundleDisplayName = "DreamWeaver Watch App";
				INFOPLIST_KEY_NSHumanReadableCopyright = "";
				LD_RUNPATH_SEARCH_PATHS = (
					"$(inherited)",
					"@executable_path/Frameworks",
				);
				MARKETING_VERSION = 1.0;
				ONLY_ACTIVE_ARCH = YES;
				PRODUCT_BUNDLE_IDENTIFIER = "GJSA.Dream-Vewawer.DreamWeaverWatchApp";
				PRODUCT_NAME = DreamWeaverWatch;
				SDKROOT = watchos;
				SKIP_INSTALL = NO;
				STRING_CATALOG_GENERATE_SYMBOLS = YES;
				STRIP_INSTALLED_PRODUCT = NO;
				SUPPORTED_PLATFORMS = "watchos watchsimulator";
				SWIFT_APPROACHABLE_CONCURRENCY = YES;
				SWIFT_EMIT_LOC_STRINGS = YES;
				SWIFT_UPCOMING_FEATURE_MEMBER_IMPORT_VISIBILITY = YES;
				SWIFT_VERSION = 5.0;
				TARGETED_DEVICE_FAMILY = 4;
				WATCHOS_DEPLOYMENT_TARGET = 10.0;
			};
			name = Debug;
		};
		CB5BE0D52EC0AC94008F0645 /* Release */ = {
			isa = XCBuildConfiguration;
			buildSettings = {
				ASSETCATALOG_COMPILER_APPICON_NAME = AppIcon;
				CODE_SIGN_STYLE = Automatic;
				CURRENT_PROJECT_VERSION = 1;
				DEPLOYMENT_POSTPROCESSING = NO;
				DEVELOPMENT_TEAM = 28TCC8Y78C;
				GENERATE_INFOPLIST_FILE = YES;
				INFOPLIST_FILE = "DreamWeaver Watch App/Info.plist";
				INFOPLIST_KEY_CFBundleDisplayName = "DreamWeaver Watch App";
				INFOPLIST_KEY_NSHumanReadableCopyright = "";
				LD_RUNPATH_SEARCH_PATHS = (
					"$(inherited)",
					"@executable_path/Frameworks",
				);
				MARKETING_VERSION = 1.0;
				PRODUCT_BUNDLE_IDENTIFIER = "GJSA.Dream-Vewawer.DreamWeaverWatchApp";
				PRODUCT_NAME = DreamWeaverWatch;
				SDKROOT = watchos;
				SKIP_INSTALL = NO;
				STRING_CATALOG_GENERATE_SYMBOLS = YES;
				STRIP_INSTALLED_PRODUCT = NO;
				SUPPORTED_PLATFORMS = "watchos watchsimulator";
				SWIFT_APPROACHABLE_CONCURRENCY = YES;
				SWIFT_EMIT_LOC_STRINGS = YES;
				SWIFT_UPCOMING_FEATURE_MEMBER_IMPORT_VISIBILITY = YES;
				SWIFT_VERSION = 5.0;
				TARGETED_DEVICE_FAMILY = 4;
				VALIDATE_PRODUCT = YES;
				WATCHOS_DEPLOYMENT_TARGET = 10.0;
			};
			name = Release;
		};
		CB7600512EC09ADF00A3460C /* Debug */ = {
			isa = XCBuildConfiguration;
			buildSettings = {
				ALWAYS_SEARCH_USER_PATHS = NO;
				ASSETCATALOG_COMPILER_GENERATE_SWIFT_ASSET_SYMBOL_EXTENSIONS = YES;
				CLANG_ANALYZER_NONNULL = YES;
				CLANG_ANALYZER_NUMBER_OBJECT_CONVERSION = YES_AGGRESSIVE;
				CLANG_CXX_LANGUAGE_STANDARD = "gnu++20";
				CLANG_ENABLE_MODULES = YES;
				CLANG_ENABLE_OBJC_ARC = YES;
				CLANG_ENABLE_OBJC_WEAK = YES;
				CLANG_WARN_BLOCK_CAPTURE_AUTORELEASING = YES;
				CLANG_WARN_BOOL_CONVERSION = YES;
				CLANG_WARN_COMMA = YES;
				CLANG_WARN_CONSTANT_CONVERSION = YES;
				CLANG_WARN_DEPRECATED_OBJC_IMPLEMENTATIONS = YES;
				CLANG_WARN_DIRECT_OBJC_ISA_USAGE = YES_ERROR;
				CLANG_WARN_DOCUMENTATION_COMMENTS = YES;
				CLANG_WARN_EMPTY_BODY = YES;
				CLANG_WARN_ENUM_CONVERSION = YES;
				CLANG_WARN_INFINITE_RECURSION = YES;
				CLANG_WARN_INT_CONVERSION = YES;
				CLANG_WARN_NON_LITERAL_NULL_CONVERSION = YES;
				CLANG_WARN_OBJC_IMPLICIT_RETAIN_SELF = YES;
				CLANG_WARN_OBJC_LITERAL_CONVERSION = YES;
				CLANG_WARN_OBJC_ROOT_CLASS = YES_ERROR;
				CLANG_WARN_QUOTED_INCLUDE_IN_FRAMEWORK_HEADER = YES;
				CLANG_WARN_RANGE_LOOP_ANALYSIS = YES;
				CLANG_WARN_STRICT_PROTOTYPES = YES;
				CLANG_WARN_SUSPICIOUS_MOVE = YES;
				CLANG_WARN_UNGUARDED_AVAILABILITY = YES_AGGRESSIVE;
				CLANG_WARN_UNREACHABLE_CODE = YES;
				CLANG_WARN__DUPLICATE_METHOD_MATCH = YES;
				COPY_PHASE_STRIP = NO;
				DEBUG_INFORMATION_FORMAT = dwarf;
				ENABLE_STRICT_OBJC_MSGSEND = YES;
				ENABLE_TESTABILITY = YES;
				ENABLE_USER_SCRIPT_SANDBOXING = YES;
				GCC_C_LANGUAGE_STANDARD = gnu17;
				GCC_DYNAMIC_NO_PIC = NO;
				GCC_NO_COMMON_BLOCKS = YES;
				GCC_OPTIMIZATION_LEVEL = 0;
				GCC_PREPROCESSOR_DEFINITIONS = (
					"DEBUG=1",
					"$(inherited)",
				);
				GCC_WARN_64_TO_32_BIT_CONVERSION = YES;
				GCC_WARN_ABOUT_RETURN_TYPE = YES_ERROR;
				GCC_WARN_UNDECLARED_SELECTOR = YES;
				GCC_WARN_UNINITIALIZED_AUTOS = YES_AGGRESSIVE;
				GCC_WARN_UNUSED_FUNCTION = YES;
				GCC_WARN_UNUSED_VARIABLE = YES;
				LOCALIZATION_PREFERS_STRING_CATALOGS = YES;
				MTL_ENABLE_DEBUG_INFO = INCLUDE_SOURCE;
				MTL_FAST_MATH = YES;
				ONLY_ACTIVE_ARCH = YES;
				SWIFT_ACTIVE_COMPILATION_CONDITIONS = "DEBUG $(inherited)";
				SWIFT_OPTIMIZATION_LEVEL = "-Onone";
			};
			name = Debug;
		};
		CB7600522EC09ADF00A3460C /* Release */ = {
			isa = XCBuildConfiguration;
			buildSettings = {
				ALWAYS_SEARCH_USER_PATHS = NO;
				ASSETCATALOG_COMPILER_GENERATE_SWIFT_ASSET_SYMBOL_EXTENSIONS = YES;
				CLANG_ANALYZER_NONNULL = YES;
				CLANG_ANALYZER_NUMBER_OBJECT_CONVERSION = YES_AGGRESSIVE;
				CLANG_CXX_LANGUAGE_STANDARD = "gnu++20";
				CLANG_ENABLE_MODULES = YES;
				CLANG_ENABLE_OBJC_ARC = YES;
				CLANG_ENABLE_OBJC_WEAK = YES;
				CLANG_WARN_BLOCK_CAPTURE_AUTORELEASING = YES;
				CLANG_WARN_BOOL_CONVERSION = YES;
				CLANG_WARN_COMMA = YES;
				CLANG_WARN_CONSTANT_CONVERSION = YES;
				CLANG_WARN_DEPRECATED_OBJC_IMPLEMENTATIONS = YES;
				CLANG_WARN_DIRECT_OBJC_ISA_USAGE = YES_ERROR;
				CLANG_WARN_DOCUMENTATION_COMMENTS = YES;
				CLANG_WARN_EMPTY_BODY = YES;
				CLANG_WARN_ENUM_CONVERSION = YES;
				CLANG_WARN_INFINITE_RECURSION = YES;
				CLANG_WARN_INT_CONVERSION = YES;
				CLANG_WARN_NON_LITERAL_NULL_CONVERSION = YES;
				CLANG_WARN_OBJC_IMPLICIT_RETAIN_SELF = YES;
				CLANG_WARN_OBJC_LITERAL_CONVERSION = YES;
				CLANG_WARN_OBJC_ROOT_CLASS = YES_ERROR;
				CLANG_WARN_QUOTED_INCLUDE_IN_FRAMEWORK_HEADER = YES;
				CLANG_WARN_RANGE_LOOP_ANALYSIS = YES;
				CLANG_WARN_STRICT_PROTOTYPES = YES;
				CLANG_WARN_SUSPICIOUS_MOVE = YES;
				CLANG_WARN_UNGUARDED_AVAILABILITY = YES_AGGRESSIVE;
				CLANG_WARN_UNREACHABLE_CODE = YES;
				CLANG_WARN__DUPLICATE_METHOD_MATCH = YES;
				COPY_PHASE_STRIP = NO;
				DEBUG_INFORMATION_FORMAT = "dwarf-with-dsym";
				ENABLE_NS_ASSERTIONS = NO;
				ENABLE_STRICT_OBJC_MSGSEND = YES;
				ENABLE_USER_SCRIPT_SANDBOXING = YES;
				GCC_C_LANGUAGE_STANDARD = gnu17;
				GCC_NO_COMMON_BLOCKS = YES;
				GCC_WARN_64_TO_32_BIT_CONVERSION = YES;
				GCC_WARN_ABOUT_RETURN_TYPE = YES_ERROR;
				GCC_WARN_UNDECLARED_SELECTOR = YES;
				GCC_WARN_UNINITIALIZED_AUTOS = YES_AGGRESSIVE;
				GCC_WARN_UNUSED_FUNCTION = YES;
				GCC_WARN_UNUSED_VARIABLE = YES;
				LOCALIZATION_PREFERS_STRING_CATALOGS = YES;
				MTL_ENABLE_DEBUG_INFO = NO;
				MTL_FAST_MATH = YES;
				SWIFT_COMPILATION_MODE = wholemodule;
			};
			name = Release;
		};
		CB7600542EC09ADF00A3460C /* Debug */ = {
			isa = XCBuildConfiguration;
			buildSettings = {
				ASSETCATALOG_COMPILER_APPICON_NAME = AppIcon;
				ASSETCATALOG_COMPILER_GLOBAL_ACCENT_COLOR_NAME = AccentColor;
				"CODE_SIGN_IDENTITY[sdk=macosx*]" = "-";
				CODE_SIGN_STYLE = Automatic;
				CURRENT_PROJECT_VERSION = 1;
				DEVELOPMENT_TEAM = 28TCC8Y78C;
				ENABLE_APP_SANDBOX = YES;
				ENABLE_PREVIEWS = YES;
				ENABLE_USER_SELECTED_FILES = readonly;
				GENERATE_INFOPLIST_FILE = YES;
				"INFOPLIST_KEY_UIApplicationSceneManifest_Generation[sdk=iphoneos*]" = YES;
				"INFOPLIST_KEY_UIApplicationSceneManifest_Generation[sdk=iphonesimulator*]" = YES;
				"INFOPLIST_KEY_UIApplicationSupportsIndirectInputEvents[sdk=iphoneos*]" = YES;
				"INFOPLIST_KEY_UIApplicationSupportsIndirectInputEvents[sdk=iphonesimulator*]" = YES;
				"INFOPLIST_KEY_UILaunchScreen_Generation[sdk=iphoneos*]" = YES;
				"INFOPLIST_KEY_UILaunchScreen_Generation[sdk=iphonesimulator*]" = YES;
				"INFOPLIST_KEY_UIStatusBarStyle[sdk=iphoneos*]" = UIStatusBarStyleDefault;
				"INFOPLIST_KEY_UIStatusBarStyle[sdk=iphonesimulator*]" = UIStatusBarStyleDefault;
				INFOPLIST_KEY_UISupportedInterfaceOrientations_iPad = "UIInterfaceOrientationPortrait UIInterfaceOrientationPortraitUpsideDown UIInterfaceOrientationLandscapeLeft UIInterfaceOrientationLandscapeRight";
				INFOPLIST_KEY_UISupportedInterfaceOrientations_iPhone = "UIInterfaceOrientationPortrait UIInterfaceOrientationLandscapeLeft UIInterfaceOrientationLandscapeRight";
				IPHONEOS_DEPLOYMENT_TARGET = 17.0;
				LD_RUNPATH_SEARCH_PATHS = "@executable_path/Frameworks";
				"LD_RUNPATH_SEARCH_PATHS[sdk=macosx*]" = "@executable_path/../Frameworks";
				MACOSX_DEPLOYMENT_TARGET = 15.7;
				MARKETING_VERSION = 1.0;
				PRODUCT_BUNDLE_IDENTIFIER = "GJSA.Dream-Vewawer";
				PRODUCT_NAME = "$(TARGET_NAME)";
				REGISTER_APP_GROUPS = YES;
				SDKROOT = iphoneos;
				STRING_CATALOG_GENERATE_SYMBOLS = YES;
				SUPPORTED_PLATFORMS = "iphoneos iphonesimulator";
				SWIFT_APPROACHABLE_CONCURRENCY = YES;
				SWIFT_DEFAULT_ACTOR_ISOLATION = MainActor;
				SWIFT_EMIT_LOC_STRINGS = YES;
				SWIFT_UPCOMING_FEATURE_MEMBER_IMPORT_VISIBILITY = YES;
				SWIFT_VERSION = 5.0;
				TARGETED_DEVICE_FAMILY = "1,2";
				XROS_DEPLOYMENT_TARGET = 26.1;
			};
			name = Debug;
		};
		CB7600552EC09ADF00A3460C /* Release */ = {
			isa = XCBuildConfiguration;
			buildSettings = {
				ASSETCATALOG_COMPILER_APPICON_NAME = AppIcon;
				ASSETCATALOG_COMPILER_GLOBAL_ACCENT_COLOR_NAME = AccentColor;
				"CODE_SIGN_IDENTITY[sdk=macosx*]" = "-";
				CODE_SIGN_STYLE = Automatic;
				CURRENT_PROJECT_VERSION = 1;
				DEVELOPMENT_TEAM = 28TCC8Y78C;
				ENABLE_APP_SANDBOX = YES;
				ENABLE_PREVIEWS = YES;
				ENABLE_USER_SELECTED_FILES = readonly;
				GENERATE_INFOPLIST_FILE = YES;
				"INFOPLIST_KEY_UIApplicationSceneManifest_Generation[sdk=iphoneos*]" = YES;
				"INFOPLIST_KEY_UIApplicationSceneManifest_Generation[sdk=iphonesimulator*]" = YES;
				"INFOPLIST_KEY_UIApplicationSupportsIndirectInputEvents[sdk=iphoneos*]" = YES;
				"INFOPLIST_KEY_UIApplicationSupportsIndirectInputEvents[sdk=iphonesimulator*]" = YES;
				"INFOPLIST_KEY_UILaunchScreen_Generation[sdk=iphoneos*]" = YES;
				"INFOPLIST_KEY_UILaunchScreen_Generation[sdk=iphonesimulator*]" = YES;
				"INFOPLIST_KEY_UIStatusBarStyle[sdk=iphoneos*]" = UIStatusBarStyleDefault;
				"INFOPLIST_KEY_UIStatusBarStyle[sdk=iphonesimulator*]" = UIStatusBarStyleDefault;
				INFOPLIST_KEY_UISupportedInterfaceOrientations_iPad = "UIInterfaceOrientationPortrait UIInterfaceOrientationPortraitUpsideDown UIInterfaceOrientationLandscapeLeft UIInterfaceOrientationLandscapeRight";
				INFOPLIST_KEY_UISupportedInterfaceOrientations_iPhone = "UIInterfaceOrientationPortrait UIInterfaceOrientationLandscapeLeft UIInterfaceOrientationLandscapeRight";
				IPHONEOS_DEPLOYMENT_TARGET = 17.0;
				LD_RUNPATH_SEARCH_PATHS = "@executable_path/Frameworks";
				"LD_RUNPATH_SEARCH_PATHS[sdk=macosx*]" = "@executable_path/../Frameworks";
				MACOSX_DEPLOYMENT_TARGET = 15.7;
				MARKETING_VERSION = 1.0;
				PRODUCT_BUNDLE_IDENTIFIER = "GJSA.Dream-Vewawer";
				PRODUCT_NAME = "$(TARGET_NAME)";
				REGISTER_APP_GROUPS = YES;
				SDKROOT = iphoneos;
				STRING_CATALOG_GENERATE_SYMBOLS = YES;
				SUPPORTED_PLATFORMS = "iphoneos iphonesimulator";
				SWIFT_APPROACHABLE_CONCURRENCY = YES;
				SWIFT_DEFAULT_ACTOR_ISOLATION = MainActor;
				SWIFT_EMIT_LOC_STRINGS = YES;
				SWIFT_UPCOMING_FEATURE_MEMBER_IMPORT_VISIBILITY = YES;
				SWIFT_VERSION = 5.0;
				TARGETED_DEVICE_FAMILY = "1,2";
				XROS_DEPLOYMENT_TARGET = 26.1;
			};
			name = Release;
		};
		CB7600572EC09ADF00A3460C /* Debug */ = {
			isa = XCBuildConfiguration;
			buildSettings = {
				BUNDLE_LOADER = "$(TEST_HOST)";
				CODE_SIGN_STYLE = Automatic;
				CURRENT_PROJECT_VERSION = 1;
				GENERATE_INFOPLIST_FILE = YES;
				IPHONEOS_DEPLOYMENT_TARGET = 17.0;
				MACOSX_DEPLOYMENT_TARGET = 15.7;
				MARKETING_VERSION = 1.0;
				PRODUCT_BUNDLE_IDENTIFIER = "GJSA.Dream-VewawerTests";
				PRODUCT_NAME = "$(TARGET_NAME)";
				SDKROOT = iphoneos;
				STRING_CATALOG_GENERATE_SYMBOLS = NO;
				SUPPORTED_PLATFORMS = "iphoneos iphonesimulator";
				SWIFT_APPROACHABLE_CONCURRENCY = YES;
				SWIFT_EMIT_LOC_STRINGS = NO;
				SWIFT_UPCOMING_FEATURE_MEMBER_IMPORT_VISIBILITY = YES;
				SWIFT_VERSION = 5.0;
				TARGETED_DEVICE_FAMILY = "1,2";
				TEST_HOST = "$(BUILT_PRODUCTS_DIR)/Dream Vewawer.app/$(BUNDLE_EXECUTABLE_FOLDER_PATH)/Dream Vewawer";
				XROS_DEPLOYMENT_TARGET = 26.1;
			};
			name = Debug;
		};
		CB7600582EC09ADF00A3460C /* Release */ = {
			isa = XCBuildConfiguration;
			buildSettings = {
				BUNDLE_LOADER = "$(TEST_HOST)";
				CODE_SIGN_STYLE = Automatic;
				CURRENT_PROJECT_VERSION = 1;
				GENERATE_INFOPLIST_FILE = YES;
				IPHONEOS_DEPLOYMENT_TARGET = 17.0;
				MACOSX_DEPLOYMENT_TARGET = 15.7;
				MARKETING_VERSION = 1.0;
				PRODUCT_BUNDLE_IDENTIFIER = "GJSA.Dream-VewawerTests";
				PRODUCT_NAME = "$(TARGET_NAME)";
				SDKROOT = iphoneos;
				STRING_CATALOG_GENERATE_SYMBOLS = NO;
				SUPPORTED_PLATFORMS = "iphoneos iphonesimulator";
				SWIFT_APPROACHABLE_CONCURRENCY = YES;
				SWIFT_EMIT_LOC_STRINGS = NO;
				SWIFT_UPCOMING_FEATURE_MEMBER_IMPORT_VISIBILITY = YES;
				SWIFT_VERSION = 5.0;
				TARGETED_DEVICE_FAMILY = "1,2";
				TEST_HOST = "$(BUILT_PRODUCTS_DIR)/Dream Vewawer.app/$(BUNDLE_EXECUTABLE_FOLDER_PATH)/Dream Vewawer";
				XROS_DEPLOYMENT_TARGET = 26.1;
			};
			name = Release;
		};
		CB76005A2EC09ADF00A3460C /* Debug */ = {
			isa = XCBuildConfiguration;
			buildSettings = {
				CODE_SIGN_STYLE = Automatic;
				CURRENT_PROJECT_VERSION = 1;
				GENERATE_INFOPLIST_FILE = YES;
				IPHONEOS_DEPLOYMENT_TARGET = 17.0;
				MACOSX_DEPLOYMENT_TARGET = 15.7;
				MARKETING_VERSION = 1.0;
				PRODUCT_BUNDLE_IDENTIFIER = "GJSA.Dream-VewawerUITests";
				PRODUCT_NAME = "$(TARGET_NAME)";
				SDKROOT = iphoneos;
				STRING_CATALOG_GENERATE_SYMBOLS = NO;
				SUPPORTED_PLATFORMS = "iphoneos iphonesimulator";
				SWIFT_APPROACHABLE_CONCURRENCY = YES;
				SWIFT_EMIT_LOC_STRINGS = NO;
				SWIFT_UPCOMING_FEATURE_MEMBER_IMPORT_VISIBILITY = YES;
				SWIFT_VERSION = 5.0;
				TARGETED_DEVICE_FAMILY = "1,2";
				TEST_TARGET_NAME = "Dream Vewawer";
				XROS_DEPLOYMENT_TARGET = 26.1;
			};
			name = Debug;
		};
		CB76005B2EC09ADF00A3460C /* Release */ = {
			isa = XCBuildConfiguration;
			buildSettings = {
				CODE_SIGN_STYLE = Automatic;
				CURRENT_PROJECT_VERSION = 1;
				GENERATE_INFOPLIST_FILE = YES;
				IPHONEOS_DEPLOYMENT_TARGET = 17.0;
				MACOSX_DEPLOYMENT_TARGET = 15.7;
				MARKETING_VERSION = 1.0;
				PRODUCT_BUNDLE_IDENTIFIER = "GJSA.Dream-VewawerUITests";
				PRODUCT_NAME = "$(TARGET_NAME)";
				SDKROOT = iphoneos;
				STRING_CATALOG_GENERATE_SYMBOLS = NO;
				SUPPORTED_PLATFORMS = "iphoneos iphonesimulator";
				SWIFT_APPROACHABLE_CONCURRENCY = YES;
				SWIFT_EMIT_LOC_STRINGS = NO;
				SWIFT_UPCOMING_FEATURE_MEMBER_IMPORT_VISIBILITY = YES;
				SWIFT_VERSION = 5.0;
				TARGETED_DEVICE_FAMILY = "1,2";
				TEST_TARGET_NAME = "Dream Vewawer";
				XROS_DEPLOYMENT_TARGET = 26.1;
			};
			name = Release;
		};
		CBAAE4882EC150B50047F21B /* Debug */ = {
			isa = XCBuildConfiguration;
			buildSettings = {
				CODE_SIGN_STYLE = Automatic;
				CURRENT_PROJECT_VERSION = 1;
				DEVELOPMENT_TEAM = 28TCC8Y78C;
				INFOPLIST_KEY_CFBundleDisplayName = DreamWeaverIphoneAI;
				MARKETING_VERSION = 1.0;
				PRODUCT_BUNDLE_IDENTIFIER = GJSA.DreamWeaverIphoneAI;
				PRODUCT_NAME = "$(TARGET_NAME)";
				SDKROOT = iphoneos;
				SWIFT_VERSION = 5.0;
			};
			name = Debug;
		};
		CBAAE4892EC150B50047F21B /* Release */ = {
			isa = XCBuildConfiguration;
			buildSettings = {
				CODE_SIGN_STYLE = Automatic;
				CURRENT_PROJECT_VERSION = 1;
				DEVELOPMENT_TEAM = 28TCC8Y78C;
				INFOPLIST_KEY_CFBundleDisplayName = DreamWeaverIphoneAI;
				MARKETING_VERSION = 1.0;
				PRODUCT_BUNDLE_IDENTIFIER = GJSA.DreamWeaverIphoneAI;
				PRODUCT_NAME = "$(TARGET_NAME)";
				SDKROOT = iphoneos;
				SWIFT_VERSION = 5.0;
				VALIDATE_PRODUCT = YES;
			};
			name = Release;
		};
		CBAAE48B2EC150B50047F21B /* Debug */ = {
			isa = XCBuildConfiguration;
			buildSettings = {
				ASSETCATALOG_COMPILER_APPICON_NAME = AppIcon;
				ASSETCATALOG_COMPILER_GLOBAL_ACCENT_COLOR_NAME = AccentColor;
				CODE_SIGN_STYLE = Automatic;
				CURRENT_PROJECT_VERSION = 1;
				DEVELOPMENT_TEAM = 28TCC8Y78C;
				ENABLE_PREVIEWS = YES;
				GENERATE_INFOPLIST_FILE = YES;
				INFOPLIST_KEY_CFBundleDisplayName = DreamWeaverIphoneAI;
				INFOPLIST_KEY_UISupportedInterfaceOrientations = "UIInterfaceOrientationPortrait UIInterfaceOrientationPortraitUpsideDown";
				INFOPLIST_KEY_WKWatchOnly = YES;
				LD_RUNPATH_SEARCH_PATHS = (
					"$(inherited)",
					"@executable_path/Frameworks",
				);
				MARKETING_VERSION = 1.0;
				PRODUCT_BUNDLE_IDENTIFIER = GJSA.DreamWeaverIphoneAI.watchkitapp;
				PRODUCT_NAME = "$(TARGET_NAME)";
				SDKROOT = watchos;
				SKIP_INSTALL = YES;
				SWIFT_EMIT_LOC_STRINGS = YES;
				SWIFT_VERSION = 5.0;
				TARGETED_DEVICE_FAMILY = 4;
				WATCHOS_DEPLOYMENT_TARGET = 11.5;
			};
			name = Debug;
		};
		CBAAE48C2EC150B50047F21B /* Release */ = {
			isa = XCBuildConfiguration;
			buildSettings = {
				ASSETCATALOG_COMPILER_APPICON_NAME = AppIcon;
				ASSETCATALOG_COMPILER_GLOBAL_ACCENT_COLOR_NAME = AccentColor;
				CODE_SIGN_STYLE = Automatic;
				CURRENT_PROJECT_VERSION = 1;
				DEVELOPMENT_TEAM = 28TCC8Y78C;
				ENABLE_PREVIEWS = YES;
				GENERATE_INFOPLIST_FILE = YES;
				INFOPLIST_KEY_CFBundleDisplayName = DreamWeaverIphoneAI;
				INFOPLIST_KEY_UISupportedInterfaceOrientations = "UIInterfaceOrientationPortrait UIInterfaceOrientationPortraitUpsideDown";
				INFOPLIST_KEY_WKWatchOnly = YES;
				LD_RUNPATH_SEARCH_PATHS = (
					"$(inherited)",
					"@executable_path/Frameworks",
				);
				MARKETING_VERSION = 1.0;
				PRODUCT_BUNDLE_IDENTIFIER = GJSA.DreamWeaverIphoneAI.watchkitapp;
				PRODUCT_NAME = "$(TARGET_NAME)";
				SDKROOT = watchos;
				SKIP_INSTALL = YES;
				SWIFT_EMIT_LOC_STRINGS = YES;
				SWIFT_VERSION = 5.0;
				TARGETED_DEVICE_FAMILY = 4;
				VALIDATE_PRODUCT = YES;
				WATCHOS_DEPLOYMENT_TARGET = 11.5;
			};
			name = Release;
		};
		CBAAE48D2EC150B50047F21B /* Debug */ = {
			isa = XCBuildConfiguration;
			buildSettings = {
				BUNDLE_LOADER = "$(TEST_HOST)";
				CODE_SIGN_STYLE = Automatic;
				CURRENT_PROJECT_VERSION = 1;
				DEVELOPMENT_TEAM = 28TCC8Y78C;
				GENERATE_INFOPLIST_FILE = YES;
				MARKETING_VERSION = 1.0;
				PRODUCT_BUNDLE_IDENTIFIER = "GJSA.DreamWeaverIphoneAI-Watch-AppTests";
				PRODUCT_NAME = "$(TARGET_NAME)";
				SDKROOT = watchos;
				SWIFT_EMIT_LOC_STRINGS = NO;
				SWIFT_VERSION = 5.0;
				TARGETED_DEVICE_FAMILY = 4;
				TEST_HOST = "$(BUILT_PRODUCTS_DIR)/DreamWeaverIphoneAI Watch App.app/$(BUNDLE_EXECUTABLE_FOLDER_PATH)/DreamWeaverIphoneAI Watch App";
				WATCHOS_DEPLOYMENT_TARGET = 11.5;
			};
			name = Debug;
		};
		CBAAE48E2EC150B50047F21B /* Release */ = {
			isa = XCBuildConfiguration;
			buildSettings = {
				BUNDLE_LOADER = "$(TEST_HOST)";
				CODE_SIGN_STYLE = Automatic;
				CURRENT_PROJECT_VERSION = 1;
				DEVELOPMENT_TEAM = 28TCC8Y78C;
				GENERATE_INFOPLIST_FILE = YES;
				MARKETING_VERSION = 1.0;
				PRODUCT_BUNDLE_IDENTIFIER = "GJSA.DreamWeaverIphoneAI-Watch-AppTests";
				PRODUCT_NAME = "$(TARGET_NAME)";
				SDKROOT = watchos;
				SWIFT_EMIT_LOC_STRINGS = NO;
				SWIFT_VERSION = 5.0;
				TARGETED_DEVICE_FAMILY = 4;
				TEST_HOST = "$(BUILT_PRODUCTS_DIR)/DreamWeaverIphoneAI Watch App.app/$(BUNDLE_EXECUTABLE_FOLDER_PATH)/DreamWeaverIphoneAI Watch App";
				VALIDATE_PRODUCT = YES;
				WATCHOS_DEPLOYMENT_TARGET = 11.5;
			};
			name = Release;
		};
		CBAAE48F2EC150B50047F21B /* Debug */ = {
			isa = XCBuildConfiguration;
			buildSettings = {
				CODE_SIGN_STYLE = Automatic;
				CURRENT_PROJECT_VERSION = 1;
				DEVELOPMENT_TEAM = 28TCC8Y78C;
				GENERATE_INFOPLIST_FILE = YES;
				MARKETING_VERSION = 1.0;
				PRODUCT_BUNDLE_IDENTIFIER = "GJSA.DreamWeaverIphoneAI-Watch-AppUITests";
				PRODUCT_NAME = "$(TARGET_NAME)";
				SDKROOT = watchos;
				SWIFT_EMIT_LOC_STRINGS = NO;
				SWIFT_VERSION = 5.0;
				TARGETED_DEVICE_FAMILY = 4;
				TEST_TARGET_NAME = "DreamWeaverIphoneAI Watch App";
				WATCHOS_DEPLOYMENT_TARGET = 11.5;
			};
			name = Debug;
		};
		CBAAE4902EC150B50047F21B /* Release */ = {
			isa = XCBuildConfiguration;
			buildSettings = {
				CODE_SIGN_STYLE = Automatic;
				CURRENT_PROJECT_VERSION = 1;
				DEVELOPMENT_TEAM = 28TCC8Y78C;
				GENERATE_INFOPLIST_FILE = YES;
				MARKETING_VERSION = 1.0;
				PRODUCT_BUNDLE_IDENTIFIER = "GJSA.DreamWeaverIphoneAI-Watch-AppUITests";
				PRODUCT_NAME = "$(TARGET_NAME)";
				SDKROOT = watchos;
				SWIFT_EMIT_LOC_STRINGS = NO;
				SWIFT_VERSION = 5.0;
				TARGETED_DEVICE_FAMILY = 4;
				TEST_TARGET_NAME = "DreamWeaverIphoneAI Watch App";
				VALIDATE_PRODUCT = YES;
				WATCHOS_DEPLOYMENT_TARGET = 11.5;
			};
			name = Release;
		};
/* End XCBuildConfiguration section */

/* Begin XCConfigurationList section */
		CB0FCA702EC126CD0006368D /* Build configuration list for PBXNativeTarget "DreamVeawerWatch" */ = {
			isa = XCConfigurationList;
			buildConfigurations = (
				CB0FCA6D2EC126CD0006368D /* Debug */,
				CB0FCA6E2EC126CD0006368D /* Release */,
			);
			defaultConfigurationIsVisible = 0;
			defaultConfigurationName = Release;
		};
		CB5BE0D32EC0AC94008F0645 /* Build configuration list for PBXNativeTarget "DreamWeaverWatch" */ = {
			isa = XCConfigurationList;
			buildConfigurations = (
				CB5BE0D42EC0AC94008F0645 /* Debug */,
				CB5BE0D52EC0AC94008F0645 /* Release */,
			);
			defaultConfigurationIsVisible = 0;
			defaultConfigurationName = Release;
		};
		CB76002B2EC09ADD00A3460C /* Build configuration list for PBXProject "Dream Vewawer" */ = {
			isa = XCConfigurationList;
			buildConfigurations = (
				CB7600512EC09ADF00A3460C /* Debug */,
				CB7600522EC09ADF00A3460C /* Release */,
			);
			defaultConfigurationIsVisible = 0;
			defaultConfigurationName = Release;
		};
		CB7600532EC09ADF00A3460C /* Build configuration list for PBXNativeTarget "Dream Vewawer" */ = {
			isa = XCConfigurationList;
			buildConfigurations = (
				CB7600542EC09ADF00A3460C /* Debug */,
				CB7600552EC09ADF00A3460C /* Release */,
			);
			defaultConfigurationIsVisible = 0;
			defaultConfigurationName = Release;
		};
		CB7600562EC09ADF00A3460C /* Build configuration list for PBXNativeTarget "Dream VewawerTests" */ = {
			isa = XCConfigurationList;
			buildConfigurations = (
				CB7600572EC09ADF00A3460C /* Debug */,
				CB7600582EC09ADF00A3460C /* Release */,
			);
			defaultConfigurationIsVisible = 0;
			defaultConfigurationName = Release;
		};
		CB7600592EC09ADF00A3460C /* Build configuration list for PBXNativeTarget "Dream VewawerUITests" */ = {
			isa = XCConfigurationList;
			buildConfigurations = (
				CB76005A2EC09ADF00A3460C /* Debug */,
				CB76005B2EC09ADF00A3460C /* Release */,
			);
			defaultConfigurationIsVisible = 0;
			defaultConfigurationName = Release;
		};
		CBAAE4912EC150B50047F21B /* Build configuration list for PBXNativeTarget "DreamWeaverIphoneAI Watch App" */ = {
			isa = XCConfigurationList;
			buildConfigurations = (
				CBAAE48B2EC150B50047F21B /* Debug */,
				CBAAE48C2EC150B50047F21B /* Release */,
			);
			defaultConfigurationIsVisible = 0;
			defaultConfigurationName = Release;
		};
		CBAAE4922EC150B50047F21B /* Build configuration list for PBXNativeTarget "DreamWeaverIphoneAI" */ = {
			isa = XCConfigurationList;
			buildConfigurations = (
				CBAAE4882EC150B50047F21B /* Debug */,
				CBAAE4892EC150B50047F21B /* Release */,
			);
			defaultConfigurationIsVisible = 0;
			defaultConfigurationName = Release;
		};
		CBAAE4932EC150B50047F21B /* Build configuration list for PBXNativeTarget "DreamWeaverIphoneAI Watch AppTests" */ = {
			isa = XCConfigurationList;
			buildConfigurations = (
				CBAAE48D2EC150B50047F21B /* Debug */,
				CBAAE48E2EC150B50047F21B /* Release */,
			);
			defaultConfigurationIsVisible = 0;
			defaultConfigurationName = Release;
		};
		CBAAE4942EC150B50047F21B /* Build configuration list for PBXNativeTarget "DreamWeaverIphoneAI Watch AppUITests" */ = {
			isa = XCConfigurationList;
			buildConfigurations = (
				CBAAE48F2EC150B50047F21B /* Debug */,
				CBAAE4902EC150B50047F21B /* Release */,
			);
			defaultConfigurationIsVisible = 0;
			defaultConfigurationName = Release;
		};
/* End XCConfigurationList section */
	};
	rootObject = CB7600282EC09ADD00A3460C /* Project object */;
}
